
Microsoft Visual Studio Solution File, Format Version 12.00
# Visual Studio 14
VisualStudioVersion = 14.0.25420.1
MinimumVisualStudioVersion = 10.0.40219.1
Project("{8BC9CEB8-8B4A-11D0-8D11-00A0C91BC942}") = "libsodium-uwp", "libsodium-uwp\libsodium-uwp\libsodium-uwp.vcxproj", "{0DDF9CB3-1501-4952-A389-A5459D945E25}"
EndProject
Project("{FAE04EC0-301F-11D3-BF4B-00C04F79EFBC}") = "Test", "libsodium-uwp\Test\Test.csproj", "{B0448317-E45D-434D-BC9B-FA129A974110}"
EndProject
Project("{FAE04EC0-301F-11D3-BF4B-00C04F79EFBC}") = "Nuki", "Nuki UWP\Nuki.csproj", "{F2DC7D23-C393-4CAD-959F-B2CBC459FEEB}"
EndProject
Project("{2150E333-8FDC-42A3-9474-1A3956D46DE8}") = "libsodium", "libsodium", "{A935E859-B20D-492B-8726-9BBE0CE91461}"
EndProject
Project("{FAE04EC0-301F-11D3-BF4B-00C04F79EFBC}") = "Nuki Test", "Nuki Test\Nuki Test.csproj", "{ACED7935-A8AA-4A90-ACA1-AB86DAE202CA}"
EndProject
Project("{FAE04EC0-301F-11D3-BF4B-00C04F79EFBC}") = "Nuki.Communication", "Nuki.Communication\Nuki.Communication.csproj", "{C021066A-6586-4D8C-8F7C-97B1A15910AA}"
EndProject
Global
	GlobalSection(SolutionConfigurationPlatforms) = preSolution
		Debug|Any CPU = Debug|Any CPU
		Debug|ARM = Debug|ARM
		Debug|x64 = Debug|x64
		Debug|x86 = Debug|x86
		Release|Any CPU = Release|Any CPU
		Release|ARM = Release|ARM
		Release|x64 = Release|x64
		Release|x86 = Release|x86
	EndGlobalSection
	GlobalSection(ProjectConfigurationPlatforms) = postSolution
		{0DDF9CB3-1501-4952-A389-A5459D945E25}.Debug|Any CPU.ActiveCfg = Debug|Win32
		{0DDF9CB3-1501-4952-A389-A5459D945E25}.Debug|ARM.ActiveCfg = Debug|ARM
		{0DDF9CB3-1501-4952-A389-A5459D945E25}.Debug|ARM.Build.0 = Debug|ARM
		{0DDF9CB3-1501-4952-A389-A5459D945E25}.Debug|x64.ActiveCfg = Debug|x64
		{0DDF9CB3-1501-4952-A389-A5459D945E25}.Debug|x64.Build.0 = Debug|x64
		{0DDF9CB3-1501-4952-A389-A5459D945E25}.Debug|x86.ActiveCfg = Debug|Win32
		{0DDF9CB3-1501-4952-A389-A5459D945E25}.Debug|x86.Build.0 = Debug|Win32
		{0DDF9CB3-1501-4952-A389-A5459D945E25}.Release|Any CPU.ActiveCfg = Release|Win32
		{0DDF9CB3-1501-4952-A389-A5459D945E25}.Release|ARM.ActiveCfg = Release|ARM
		{0DDF9CB3-1501-4952-A389-A5459D945E25}.Release|ARM.Build.0 = Release|ARM
		{0DDF9CB3-1501-4952-A389-A5459D945E25}.Release|x64.ActiveCfg = Release|x64
		{0DDF9CB3-1501-4952-A389-A5459D945E25}.Release|x64.Build.0 = Release|x64
		{0DDF9CB3-1501-4952-A389-A5459D945E25}.Release|x86.ActiveCfg = Release|Win32
		{0DDF9CB3-1501-4952-A389-A5459D945E25}.Release|x86.Build.0 = Release|Win32
		{B0448317-E45D-434D-BC9B-FA129A974110}.Debug|Any CPU.ActiveCfg = Debug|x86
		{B0448317-E45D-434D-BC9B-FA129A974110}.Debug|ARM.ActiveCfg = Debug|ARM
		{B0448317-E45D-434D-BC9B-FA129A974110}.Debug|ARM.Build.0 = Debug|ARM
		{B0448317-E45D-434D-BC9B-FA129A974110}.Debug|ARM.Deploy.0 = Debug|ARM
		{B0448317-E45D-434D-BC9B-FA129A974110}.Debug|x64.ActiveCfg = Debug|x64
		{B0448317-E45D-434D-BC9B-FA129A974110}.Debug|x64.Build.0 = Debug|x64
		{B0448317-E45D-434D-BC9B-FA129A974110}.Debug|x64.Deploy.0 = Debug|x64
		{B0448317-E45D-434D-BC9B-FA129A974110}.Debug|x86.ActiveCfg = Debug|x86
		{B0448317-E45D-434D-BC9B-FA129A974110}.Debug|x86.Build.0 = Debug|x86
		{B0448317-E45D-434D-BC9B-FA129A974110}.Debug|x86.Deploy.0 = Debug|x86
		{B0448317-E45D-434D-BC9B-FA129A974110}.Release|Any CPU.ActiveCfg = Release|x86
		{B0448317-E45D-434D-BC9B-FA129A974110}.Release|ARM.ActiveCfg = Release|ARM
		{B0448317-E45D-434D-BC9B-FA129A974110}.Release|ARM.Build.0 = Release|ARM
		{B0448317-E45D-434D-BC9B-FA129A974110}.Release|ARM.Deploy.0 = Release|ARM
		{B0448317-E45D-434D-BC9B-FA129A974110}.Release|x64.ActiveCfg = Release|x64
		{B0448317-E45D-434D-BC9B-FA129A974110}.Release|x64.Build.0 = Release|x64
		{B0448317-E45D-434D-BC9B-FA129A974110}.Release|x64.Deploy.0 = Release|x64
		{B0448317-E45D-434D-BC9B-FA129A974110}.Release|x86.ActiveCfg = Release|x86
		{B0448317-E45D-434D-BC9B-FA129A974110}.Release|x86.Build.0 = Release|x86
		{B0448317-E45D-434D-BC9B-FA129A974110}.Release|x86.Deploy.0 = Release|x86
		{F2DC7D23-C393-4CAD-959F-B2CBC459FEEB}.Debug|Any CPU.ActiveCfg = Debug|x86
		{F2DC7D23-C393-4CAD-959F-B2CBC459FEEB}.Debug|ARM.ActiveCfg = Debug|ARM
		{F2DC7D23-C393-4CAD-959F-B2CBC459FEEB}.Debug|ARM.Build.0 = Debug|ARM
		{F2DC7D23-C393-4CAD-959F-B2CBC459FEEB}.Debug|ARM.Deploy.0 = Debug|ARM
		{F2DC7D23-C393-4CAD-959F-B2CBC459FEEB}.Debug|x64.ActiveCfg = Debug|x64
		{F2DC7D23-C393-4CAD-959F-B2CBC459FEEB}.Debug|x64.Build.0 = Debug|x64
		{F2DC7D23-C393-4CAD-959F-B2CBC459FEEB}.Debug|x64.Deploy.0 = Debug|x64
		{F2DC7D23-C393-4CAD-959F-B2CBC459FEEB}.Debug|x86.ActiveCfg = Debug|x86
		{F2DC7D23-C393-4CAD-959F-B2CBC459FEEB}.Debug|x86.Build.0 = Debug|x86
		{F2DC7D23-C393-4CAD-959F-B2CBC459FEEB}.Debug|x86.Deploy.0 = Debug|x86
		{F2DC7D23-C393-4CAD-959F-B2CBC459FEEB}.Release|Any CPU.ActiveCfg = Release|x86
		{F2DC7D23-C393-4CAD-959F-B2CBC459FEEB}.Release|ARM.ActiveCfg = Release|ARM
		{F2DC7D23-C393-4CAD-959F-B2CBC459FEEB}.Release|ARM.Build.0 = Release|ARM
		{F2DC7D23-C393-4CAD-959F-B2CBC459FEEB}.Release|ARM.Deploy.0 = Release|ARM
		{F2DC7D23-C393-4CAD-959F-B2CBC459FEEB}.Release|x64.ActiveCfg = Release|x64
		{F2DC7D23-C393-4CAD-959F-B2CBC459FEEB}.Release|x64.Build.0 = Release|x64
		{F2DC7D23-C393-4CAD-959F-B2CBC459FEEB}.Release|x64.Deploy.0 = Release|x64
		{F2DC7D23-C393-4CAD-959F-B2CBC459FEEB}.Release|x86.ActiveCfg = Release|x86
		{F2DC7D23-C393-4CAD-959F-B2CBC459FEEB}.Release|x86.Build.0 = Release|x86
		{F2DC7D23-C393-4CAD-959F-B2CBC459FEEB}.Release|x86.Deploy.0 = Release|x86
		{ACED7935-A8AA-4A90-ACA1-AB86DAE202CA}.Debug|Any CPU.ActiveCfg = Debug|x86
		{ACED7935-A8AA-4A90-ACA1-AB86DAE202CA}.Debug|ARM.ActiveCfg = Debug|ARM
		{ACED7935-A8AA-4A90-ACA1-AB86DAE202CA}.Debug|ARM.Build.0 = Debug|ARM
		{ACED7935-A8AA-4A90-ACA1-AB86DAE202CA}.Debug|ARM.Deploy.0 = Debug|ARM
		{ACED7935-A8AA-4A90-ACA1-AB86DAE202CA}.Debug|x64.ActiveCfg = Debug|x64
		{ACED7935-A8AA-4A90-ACA1-AB86DAE202CA}.Debug|x64.Build.0 = Debug|x64
		{ACED7935-A8AA-4A90-ACA1-AB86DAE202CA}.Debug|x64.Deploy.0 = Debug|x64
		{ACED7935-A8AA-4A90-ACA1-AB86DAE202CA}.Debug|x86.ActiveCfg = Debug|x86
		{ACED7935-A8AA-4A90-ACA1-AB86DAE202CA}.Debug|x86.Build.0 = Debug|x86
		{ACED7935-A8AA-4A90-ACA1-AB86DAE202CA}.Debug|x86.Deploy.0 = Debug|x86
		{ACED7935-A8AA-4A90-ACA1-AB86DAE202CA}.Release|Any CPU.ActiveCfg = Release|x86
		{ACED7935-A8AA-4A90-ACA1-AB86DAE202CA}.Release|ARM.ActiveCfg = Release|ARM
		{ACED7935-A8AA-4A90-ACA1-AB86DAE202CA}.Release|ARM.Build.0 = Release|ARM
		{ACED7935-A8AA-4A90-ACA1-AB86DAE202CA}.Release|ARM.Deploy.0 = Release|ARM
		{ACED7935-A8AA-4A90-ACA1-AB86DAE202CA}.Release|x64.ActiveCfg = Release|x64
		{ACED7935-A8AA-4A90-ACA1-AB86DAE202CA}.Release|x64.Build.0 = Release|x64
		{ACED7935-A8AA-4A90-ACA1-AB86DAE202CA}.Release|x64.Deploy.0 = Release|x64
		{ACED7935-A8AA-4A90-ACA1-AB86DAE202CA}.Release|x86.ActiveCfg = Release|x86
		{ACED7935-A8AA-4A90-ACA1-AB86DAE202CA}.Release|x86.Build.0 = Release|x86
		{ACED7935-A8AA-4A90-ACA1-AB86DAE202CA}.Release|x86.Deploy.0 = Release|x86
		{C021066A-6586-4D8C-8F7C-97B1A15910AA}.Debug|Any CPU.ActiveCfg = Debug|Any CPU
		{C021066A-6586-4D8C-8F7C-97B1A15910AA}.Debug|Any CPU.Build.0 = Debug|Any CPU
		{C021066A-6586-4D8C-8F7C-97B1A15910AA}.Debug|ARM.ActiveCfg = Debug|ARM
		{C021066A-6586-4D8C-8F7C-97B1A15910AA}.Debug|ARM.Build.0 = Debug|ARM
		{C021066A-6586-4D8C-8F7C-97B1A15910AA}.Debug|x64.ActiveCfg = Debug|x64
		{C021066A-6586-4D8C-8F7C-97B1A15910AA}.Debug|x64.Build.0 = Debug|x64
		{C021066A-6586-4D8C-8F7C-97B1A15910AA}.Debug|x86.ActiveCfg = Debug|x86
		{C021066A-6586-4D8C-8F7C-97B1A15910AA}.Debug|x86.Build.0 = Debug|x86
		{C021066A-6586-4D8C-8F7C-97B1A15910AA}.Release|Any CPU.ActiveCfg = Release|Any CPU
		{C021066A-6586-4D8C-8F7C-97B1A15910AA}.Release|Any CPU.Build.0 = Release|Any CPU
		{C021066A-6586-4D8C-8F7C-97B1A15910AA}.Release|ARM.ActiveCfg = Release|ARM
		{C021066A-6586-4D8C-8F7C-97B1A15910AA}.Release|ARM.Build.0 = Release|ARM
		{C021066A-6586-4D8C-8F7C-97B1A15910AA}.Release|x64.ActiveCfg = Release|x64
		{C021066A-6586-4D8C-8F7C-97B1A15910AA}.Release|x64.Build.0 = Release|x64
		{C021066A-6586-4D8C-8F7C-97B1A15910AA}.Release|x86.ActiveCfg = Release|x86
		{C021066A-6586-4D8C-8F7C-97B1A15910AA}.Release|x86.Build.0 = Release|x86
	EndGlobalSection
	GlobalSection(SolutionProperties) = preSolution
		HideSolutionNode = FALSE
	EndGlobalSection
	GlobalSection(NestedProjects) = preSolution
		{0DDF9CB3-1501-4952-A389-A5459D945E25} = {A935E859-B20D-492B-8726-9BBE0CE91461}
		{B0448317-E45D-434D-BC9B-FA129A974110} = {A935E859-B20D-492B-8726-9BBE0CE91461}
	EndGlobalSection
EndGlobal
